
Microsoft Visual Studio Solution File, Format Version 12.00
# Visual Studio Version 17
VisualStudioVersion = 17.10.34814.14
MinimumVisualStudioVersion = 10.0.40219.1
Project("{FAE04EC0-301F-11D3-BF4B-00C04F79EFBC}") = "DotNet8.WebApi", "DotNet8.WebApi\DotNet8.WebApi.csproj", "{BA2AD284-416A-469C-A45E-DCA3724BFBA0}"
EndProject
Global
	GlobalSection(SolutionConfigurationPlatforms) = preSolution
		Debug|Any CPU = Debug|Any CPU
		Release|Any CPU = Release|Any CPU
	EndGlobalSection
	GlobalSection(ProjectConfigurationPlatforms) = postSolution
		{BA2AD284-416A-469C-A45E-DCA3724BFBA0}.Debug|Any CPU.ActiveCfg = Debug|Any CPU
		{BA2AD284-416A-469C-A45E-DCA3724BFBA0}.Debug|Any CPU.Build.0 = Debug|Any CPU
		{BA2AD284-416A-469C-A45E-DCA3724BFBA0}.Release|Any CPU.ActiveCfg = Release|Any CPU
		{BA2AD284-416A-469C-A45E-DCA3724BFBA0}.Release|Any CPU.Build.0 = Release|Any CPU
	EndGlobalSection
	GlobalSection(SolutionProperties) = preSolution
		HideSolutionNode = FALSE
	EndGlobalSection
	GlobalSection(ExtensibilityGlobals) = postSolution
		SolutionGuid = {6E717ACC-4C73-4B8D-9B47-8D27D59CFE74}
	EndGlobalSection
EndGlobal
